// !$*UTF8*$!
{
	archiveVersion = 1;
	classes = {
	};
	objectVersion = 46;
	objects = {

/* Begin PBXBuildFile section */
		A3F59E031D73D51E009BD158 /* AppDelegate.swift in Sources */ = {isa = PBXBuildFile; fileRef = A3F59E021D73D51E009BD158 /* AppDelegate.swift */; };
		A3F59E051D73D51E009BD158 /* ViewController.swift in Sources */ = {isa = PBXBuildFile; fileRef = A3F59E041D73D51E009BD158 /* ViewController.swift */; };
		A3F59E081D73D51E009BD158 /* Main.storyboard in Resources */ = {isa = PBXBuildFile; fileRef = A3F59E061D73D51E009BD158 /* Main.storyboard */; };
		A3F59E0A1D73D51E009BD158 /* Assets.xcassets in Resources */ = {isa = PBXBuildFile; fileRef = A3F59E091D73D51E009BD158 /* Assets.xcassets */; };
		A3FBA7561D78A76300412284 /* AboutViewController.swift in Sources */ = {isa = PBXBuildFile; fileRef = A3FBA7551D78A76300412284 /* AboutViewController.swift */; };
		A3FBA75A1D78E49B00412284 /* BullsEye.html in Resources */ = {isa = PBXBuildFile; fileRef = A3FBA7591D78E49B00412284 /* BullsEye.html */; };
		A3FD0BD31D792F660000D9F7 /* Default-568h@2x.png in Resources */ = {isa = PBXBuildFile; fileRef = A3FD0BD21D792F660000D9F7 /* Default-568h@2x.png */; };
/* End PBXBuildFile section */

/* Begin PBXFileReference section */
		A3F59DFF1D73D51E009BD158 /* bullseye.app */ = {isa = PBXFileReference; explicitFileType = wrapper.application; includeInIndex = 0; path = bullseye.app; sourceTree = BUILT_PRODUCTS_DIR; };
		A3F59E021D73D51E009BD158 /* AppDelegate.swift */ = {isa = PBXFileReference; lastKnownFileType = sourcecode.swift; path = AppDelegate.swift; sourceTree = "<group>"; };
		A3F59E041D73D51E009BD158 /* ViewController.swift */ = {isa = PBXFileReference; lastKnownFileType = sourcecode.swift; path = ViewController.swift; sourceTree = "<group>"; };
		A3F59E071D73D51E009BD158 /* Base */ = {isa = PBXFileReference; lastKnownFileType = file.storyboard; name = Base; path = Base.lproj/Main.storyboard; sourceTree = "<group>"; };
		A3F59E091D73D51E009BD158 /* Assets.xcassets */ = {isa = PBXFileReference; lastKnownFileType = folder.assetcatalog; path = Assets.xcassets; sourceTree = "<group>"; };
		A3F59E0E1D73D51E009BD158 /* Info.plist */ = {isa = PBXFileReference; lastKnownFileType = text.plist.xml; path = Info.plist; sourceTree = "<group>"; };
		A3FBA7551D78A76300412284 /* AboutViewController.swift */ = {isa = PBXFileReference; fileEncoding = 4; lastKnownFileType = sourcecode.swift; path = AboutViewController.swift; sourceTree = "<group>"; };
		A3FBA7591D78E49B00412284 /* BullsEye.html */ = {isa = PBXFileReference; fileEncoding = 4; lastKnownFileType = text.html; path = BullsEye.html; sourceTree = "<group>"; };
		A3FD0BD21D792F660000D9F7 /* Default-568h@2x.png */ = {isa = PBXFileReference; lastKnownFileType = image.png; path = "Default-568h@2x.png"; sourceTree = "<group>"; };
/* End PBXFileReference section */

/* Begin PBXFrameworksBuildPhase section */
		A3F59DFC1D73D51E009BD158 /* Frameworks */ = {
			isa = PBXFrameworksBuildPhase;
			buildActionMask = 2147483647;
			files = (
			);
			runOnlyForDeploymentPostprocessing = 0;
		};
/* End PBXFrameworksBuildPhase section */

/* Begin PBXGroup section */
		A3F59DF61D73D51E009BD158 = {
			isa = PBXGroup;
			children = (
				A3FD0BD21D792F660000D9F7 /* Default-568h@2x.png */,
				A3F59E011D73D51E009BD158 /* bullseye */,
				A3F59E001D73D51E009BD158 /* Products */,
			);
			sourceTree = "<group>";
		};
		A3F59E001D73D51E009BD158 /* Products */ = {
			isa = PBXGroup;
			children = (
				A3F59DFF1D73D51E009BD158 /* bullseye.app */,
			);
			name = Products;
			sourceTree = "<group>";
		};
		A3F59E011D73D51E009BD158 /* bullseye */ = {
			isa = PBXGroup;
			children = (
				A3FBA7591D78E49B00412284 /* BullsEye.html */,
				A3F59E021D73D51E009BD158 /* AppDelegate.swift */,
				A3F59E041D73D51E009BD158 /* ViewController.swift */,
				A3FBA7551D78A76300412284 /* AboutViewController.swift */,
				A3F59E061D73D51E009BD158 /* Main.storyboard */,
				A3F59E091D73D51E009BD158 /* Assets.xcassets */,
				A3F59E0E1D73D51E009BD158 /* Info.plist */,
			);
			path = bullseye;
			sourceTree = "<group>";
		};
/* End PBXGroup section */

/* Begin PBXNativeTarget section */
		A3F59DFE1D73D51E009BD158 /* bullseye */ = {
			isa = PBXNativeTarget;
			buildConfigurationList = A3F59E111D73D51E009BD158 /* Build configuration list for PBXNativeTarget "bullseye" */;
			buildPhases = (
				A3F59DFB1D73D51E009BD158 /* Sources */,
				A3F59DFC1D73D51E009BD158 /* Frameworks */,
				A3F59DFD1D73D51E009BD158 /* Resources */,
			);
			buildRules = (
			);
			dependencies = (
			);
			name = bullseye;
			productName = bullseye;
			productReference = A3F59DFF1D73D51E009BD158 /* bullseye.app */;
			productType = "com.apple.product-type.application";
		};
/* End PBXNativeTarget section */

/* Begin PBXProject section */
		A3F59DF71D73D51E009BD158 /* Project object */ = {
			isa = PBXProject;
			attributes = {
				LastSwiftUpdateCheck = 0730;
				LastUpgradeCheck = 0730;
				ORGANIZATIONNAME = "Yingcai Dong";
				TargetAttributes = {
					A3F59DFE1D73D51E009BD158 = {
						CreatedOnToolsVersion = 7.3.1;
						DevelopmentTeam = 25ZK66JBZZ;
						LastSwiftMigration = 0800;
					};
				};
			};
			buildConfigurationList = A3F59DFA1D73D51E009BD158 /* Build configuration list for PBXProject "bullseye" */;
			compatibilityVersion = "Xcode 3.2";
			developmentRegion = English;
			hasScannedForEncodings = 0;
			knownRegions = (
				en,
				Base,
			);
			mainGroup = A3F59DF61D73D51E009BD158;
			productRefGroup = A3F59E001D73D51E009BD158 /* Products */;
			projectDirPath = "";
			projectRoot = "";
			targets = (
				A3F59DFE1D73D51E009BD158 /* bullseye */,
			);
		};
/* End PBXProject section */

/* Begin PBXResourcesBuildPhase section */
		A3F59DFD1D73D51E009BD158 /* Resources */ = {
			isa = PBXResourcesBuildPhase;
			buildActionMask = 2147483647;
			files = (
				A3FBA75A1D78E49B00412284 /* BullsEye.html in Resources */,
				A3FD0BD31D792F660000D9F7 /* Default-568h@2x.png in Resources */,
				A3F59E0A1D73D51E009BD158 /* Assets.xcassets in Resources */,
				A3F59E081D73D51E009BD158 /* Main.storyboard in Resources */,
			);
			runOnlyForDeploymentPostprocessing = 0;
		};
/* End PBXResourcesBuildPhase section */

/* Begin PBXSourcesBuildPhase section */
		A3F59DFB1D73D51E009BD158 /* Sources */ = {
			isa = PBXSourcesBuildPhase;
			buildActionMask = 2147483647;
			files = (
				A3FBA7561D78A76300412284 /* AboutViewController.swift in Sources */,
				A3F59E051D73D51E009BD158 /* ViewController.swift in Sources */,
				A3F59E031D73D51E009BD158 /* AppDelegate.swift in Sources */,
			);
			runOnlyForDeploymentPostprocessing = 0;
		};
/* End PBXSourcesBuildPhase section */

/* Begin PBXVariantGroup section */
		A3F59E061D73D51E009BD158 /* Main.storyboard */ = {
			isa = PBXVariantGroup;
			children = (
				A3F59E071D73D51E009BD158 /* Base */,
			);
			name = Main.storyboard;
			sourceTree = "<group>";
		};
/* End PBXVariantGroup section */

/* Begin XCBuildConfiguration section */
		A3F59E0F1D73D51E009BD158 /* Debug */ = {
			isa = XCBuildConfiguration;
			buildSettings = {
				ALWAYS_SEARCH_USER_PATHS = NO;
				CLANG_ANALYZER_NONNULL = YES;
				CLANG_CXX_LANGUAGE_STANDARD = "gnu++0x";
				CLANG_CXX_LIBRARY = "libc++";
				CLANG_ENABLE_MODULES = YES;
				CLANG_ENABLE_OBJC_ARC = YES;
				CLANG_WARN_BOOL_CONVERSION = YES;
				CLANG_WARN_CONSTANT_CONVERSION = YES;
				CLANG_WARN_DIRECT_OBJC_ISA_USAGE = YES_ERROR;
				CLANG_WARN_EMPTY_BODY = YES;
				CLANG_WARN_ENUM_CONVERSION = YES;
				CLANG_WARN_INT_CONVERSION = YES;
				CLANG_WARN_OBJC_ROOT_CLASS = YES_ERROR;
				CLANG_WARN_UNREACHABLE_CODE = YES;
				CLANG_WARN__DUPLICATE_METHOD_MATCH = YES;
				"CODE_SIGN_IDENTITY[sdk=iphoneos*]" = "iPhone Developer";
				COPY_PHASE_STRIP = NO;
				DEBUG_INFORMATION_FORMAT = dwarf;
				ENABLE_STRICT_OBJC_MSGSEND = YES;
				ENABLE_TESTABILITY = YES;
				GCC_C_LANGUAGE_STANDARD = gnu99;
				GCC_DYNAMIC_NO_PIC = NO;
				GCC_NO_COMMON_BLOCKS = YES;
				GCC_OPTIMIZATION_LEVEL = 0;
				GCC_PREPROCESSOR_DEFINITIONS = (
					"DEBUG=1",
					"$(inherited)",
				);
				GCC_WARN_64_TO_32_BIT_CONVERSION = YES;
				GCC_WARN_ABOUT_RETURN_TYPE = YES_ERROR;
				GCC_WARN_UNDECLARED_SELECTOR = YES;
				GCC_WARN_UNINITIALIZED_AUTOS = YES_AGGRESSIVE;
				GCC_WARN_UNUSED_FUNCTION = YES;
				GCC_WARN_UNUSED_VARIABLE = YES;
				IPHONEOS_DEPLOYMENT_TARGET = 9.3;
				MTL_ENABLE_DEBUG_INFO = YES;
				ONLY_ACTIVE_ARCH = YES;
				SDKROOT = iphoneos;
				SWIFT_OPTIMIZATION_LEVEL = "-Onone";
			};
			name = Debug;
		};
		A3F59E101D73D51E009BD158 /* Release */ = {
			isa = XCBuildConfiguration;
			buildSettings = {
				ALWAYS_SEARCH_USER_PATHS = NO;
				CLANG_ANALYZER_NONNULL = YES;
				CLANG_CXX_LANGUAGE_STANDARD = "gnu++0x";
				CLANG_CXX_LIBRARY = "libc++";
				CLANG_ENABLE_MODULES = YES;
				CLANG_ENABLE_OBJC_ARC = YES;
				CLANG_WARN_BOOL_CONVERSION = YES;
				CLANG_WARN_CONSTANT_CONVERSION = YES;
				CLANG_WARN_DIRECT_OBJC_ISA_USAGE = YES_ERROR;
				CLANG_WARN_EMPTY_BODY = YES;
				CLANG_WARN_ENUM_CONVERSION = YES;
				CLANG_WARN_INT_CONVERSION = YES;
				CLANG_WARN_OBJC_ROOT_CLASS = YES_ERROR;
				CLANG_WARN_UNREACHABLE_CODE = YES;
				CLANG_WARN__DUPLICATE_METHOD_MATCH = YES;
				"CODE_SIGN_IDENTITY[sdk=iphoneos*]" = "iPhone Developer";
				COPY_PHASE_STRIP = NO;
				DEBUG_INFORMATION_FORMAT = "dwarf-with-dsym";
				ENABLE_NS_ASSERTIONS = NO;
				ENABLE_STRICT_OBJC_MSGSEND = YES;
				GCC_C_LANGUAGE_STANDARD = gnu99;
				GCC_NO_COMMON_BLOCKS = YES;
				GCC_WARN_64_TO_32_BIT_CONVERSION = YES;
				GCC_WARN_ABOUT_RETURN_TYPE = YES_ERROR;
				GCC_WARN_UNDECLARED_SELECTOR = YES;
				GCC_WARN_UNINITIALIZED_AUTOS = YES_AGGRESSIVE;
				GCC_WARN_UNUSED_FUNCTION = YES;
				GCC_WARN_UNUSED_VARIABLE = YES;
				IPHONEOS_DEPLOYMENT_TARGET = 9.3;
				MTL_ENABLE_DEBUG_INFO = NO;
				SDKROOT = iphoneos;
				VALIDATE_PRODUCT = YES;
			};
			name = Release;
		};
		A3F59E121D73D51E009BD158 /* Debug */ = {
			isa = XCBuildConfiguration;
			buildSettings = {
				ASSETCATALOG_COMPILER_APPICON_NAME = AppIcon;
				CODE_SIGN_IDENTITY = "iPhone Developer";
				"CODE_SIGN_IDENTITY[sdk=iphoneos*]" = "iPhone Developer";
				INFOPLIST_FILE = bullseye/Info.plist;
				LD_RUNPATH_SEARCH_PATHS = "$(inherited) @executable_path/Frameworks";
				PRODUCT_BUNDLE_IDENTIFIER = Program.bullseye;
				PRODUCT_NAME = "$(TARGET_NAME)";
				PROVISIONING_PROFILE = "";
				SWIFT_VERSION = 3.0;
			};
			name = Debug;
		};
		A3F59E131D73D51E009BD158 /* Release */ = {
			isa = XCBuildConfiguration;
			buildSettings = {
				ASSETCATALOG_COMPILER_APPICON_NAME = AppIcon;
				CODE_SIGN_IDENTITY = "iPhone Developer";
				"CODE_SIGN_IDENTITY[sdk=iphoneos*]" = "iPhone Developer";
				INFOPLIST_FILE = bullseye/Info.plist;
				LD_RUNPATH_SEARCH_PATHS = "$(inherited) @executable_path/Frameworks";
				PRODUCT_BUNDLE_IDENTIFIER = Program.bullseye;
				PRODUCT_NAME = "$(TARGET_NAME)";
				PROVISIONING_PROFILE = "";
				SWIFT_VERSION = 3.0;
			};
			name = Release;
		};
/* End XCBuildConfiguration section */

/* Begin XCConfigurationList section */
		A3F59DFA1D73D51E009BD158 /* Build configuration list for PBXProject "bullseye" */ = {
			isa = XCConfigurationList;
			buildConfigurations = (
				A3F59E0F1D73D51E009BD158 /* Debug */,
				A3F59E101D73D51E009BD158 /* Release */,
			);
			defaultConfigurationIsVisible = 0;
			defaultConfigurationName = Release;
		};
		A3F59E111D73D51E009BD158 /* Build configuration list for PBXNativeTarget "bullseye" */ = {
			isa = XCConfigurationList;
			buildConfigurations = (
				A3F59E121D73D51E009BD158 /* Debug */,
				A3F59E131D73D51E009BD158 /* Release */,
			);
			defaultConfigurationIsVisible = 0;
			defaultConfigurationName = Release;
		};
/* End XCConfigurationList section */
	};
	rootObject = A3F59DF71D73D51E009BD158 /* Project object */;
}
